# This file was autogenerated by Stack.
# You should not edit this file by hand.
# For more information, please see the documentation at:
#   https://docs.haskellstack.org/en/stable/lock_files

packages:
- completed:
    hackage: unbound-0.5.1.1@sha256:13bc46f324b63061db1189e45c00e0d332fa0371c95077c4e474d3b94b7dd01d,3248
    pantry-tree:
      size: 2485
      sha256: 033d22514d9e56ea66056456d84a410ccf7f552deb7ee4cda69af111b234819d
  original:
    hackage: unbound-0.5.1.1
- completed:
    hackage: RepLib-0.5.4.1@sha256:f1d0765fbdc55c0905b3b70f1953a440cb8d04b65b3ccd6f067ee0f082f6fa0d,1953
    pantry-tree:
      size: 995
      sha256: a343349797e41e579eedab5d01fe01cbbb3f7963eb5e2c2c58ca6bac5a34c9ce
  original:
    hackage: RepLib-0.5.4.1
- completed:
    hackage: containers-0.5.11.0@sha256:28ad7337057442f75bc689315ab4ec7bdf5e6b2c39668f306672cecd82c02798,16685
    pantry-tree:
      size: 4849
      sha256: faa4e75922a28f7cfe9920c1d7ab3866b792cefcd29bf79f54cfe3b6b5f57cbf
  original:
    hackage: containers-0.5.11.0
- completed:
    hackage: binary-0.8.8.0@sha256:e9387a7ef2b34c6a23b09664c306e37cc01ae2cb4e4511a1c96ffb14008c24b0,6262
    pantry-tree:
      size: 1976
      sha256: 271cd1e75af293fc25a489d860f094dc635a4ed8b56aa5b343c58f4637736ca3
  original:
    hackage: binary-0.8.8.0
snapshots:
- completed:
    size: 524996
    url: https://raw.githubusercontent.com/commercialhaskell/stackage-snapshots/master/lts/14/27.yaml
    sha256: 7ea31a280c56bf36ff591a7397cc384d0dff622e7f9e4225b47d8980f019a0f0
  original: lts-14.27
